
Microsoft Visual Studio Solution File, Format Version 12.00
# Visual Studio Version 17
VisualStudioVersion = 17.5.33530.505
MinimumVisualStudioVersion = 10.0.40219.1
Project("{9A19103F-16F7-4668-BE54-9A1E7A4F7556}") = "LethalEmotesAPI", "CustomEmotesAPI\LethalEmotesAPI.csproj", "{7EA1C941-92DD-4435-A3AC-87B885484C2A}"
EndProject
Project("{9A19103F-16F7-4668-BE54-9A1E7A4F7556}") = "Build", "build\Build.csproj", "{DED61D4A-8EA3-4662-ACF9-FFDDB59E8975}"
EndProject
Project("{2150E333-8FDC-42A3-9474-1A3956D46DE8}") = "Solution Items", "Solution Items", "{C126025D-A702-4C8C-840F-85F8AD98A91D}"
	ProjectSection(SolutionItems) = preProject
		build-settings.json = build-settings.json
		build.cake = build.cake
		build.ps1 = build.ps1
		cake.config = cake.config
	EndProjectSection
EndProject
Global
	GlobalSection(SolutionConfigurationPlatforms) = preSolution
		Debug|Any CPU = Debug|Any CPU
		Release|Any CPU = Release|Any CPU
	EndGlobalSection
	GlobalSection(ProjectConfigurationPlatforms) = postSolution
		{7EA1C941-92DD-4435-A3AC-87B885484C2A}.Debug|Any CPU.ActiveCfg = Debug|Any CPU
		{7EA1C941-92DD-4435-A3AC-87B885484C2A}.Debug|Any CPU.Build.0 = Debug|Any CPU
		{7EA1C941-92DD-4435-A3AC-87B885484C2A}.Release|Any CPU.ActiveCfg = Release|Any CPU
		{7EA1C941-92DD-4435-A3AC-87B885484C2A}.Release|Any CPU.Build.0 = Release|Any CPU
		{DED61D4A-8EA3-4662-ACF9-FFDDB59E8975}.Debug|Any CPU.ActiveCfg = Debug|Any CPU
		{DED61D4A-8EA3-4662-ACF9-FFDDB59E8975}.Release|Any CPU.ActiveCfg = Release|Any CPU
	EndGlobalSection
	GlobalSection(SolutionProperties) = preSolution
		HideSolutionNode = FALSE
	EndGlobalSection
	GlobalSection(ExtensibilityGlobals) = postSolution
		SolutionGuid = {CB6E2E3A-C6D3-498F-8435-8F2580855C9A}
	EndGlobalSection
EndGlobal
